
Microsoft Visual Studio Solution File, Format Version 12.00
# Visual Studio Version 17
VisualStudioVersion = 17.14.36327.8
MinimumVisualStudioVersion = 10.0.40219.1
Project("{FAE04EC0-301F-11D3-BF4B-00C04F79EFBC}") = "MVC_IK_Uygulamasi", "MVC_IK_Uygulamasi\MVC_IK_Uygulamasi.csproj", "{C06C69B2-4E34-4747-B706-22AE5EF717AC}"
EndProject
Global
	GlobalSection(SolutionConfigurationPlatforms) = preSolution
		Debug|Any CPU = Debug|Any CPU
		Release|Any CPU = Release|Any CPU
	EndGlobalSection
	GlobalSection(ProjectConfigurationPlatforms) = postSolution
		{C06C69B2-4E34-4747-B706-22AE5EF717AC}.Debug|Any CPU.ActiveCfg = Debug|Any CPU
		{C06C69B2-4E34-4747-B706-22AE5EF717AC}.Debug|Any CPU.Build.0 = Debug|Any CPU
		{C06C69B2-4E34-4747-B706-22AE5EF717AC}.Release|Any CPU.ActiveCfg = Release|Any CPU
		{C06C69B2-4E34-4747-B706-22AE5EF717AC}.Release|Any CPU.Build.0 = Release|Any CPU
	EndGlobalSection
	GlobalSection(SolutionProperties) = preSolution
		HideSolutionNode = FALSE
	EndGlobalSection
	GlobalSection(ExtensibilityGlobals) = postSolution
		SolutionGuid = {AD02ED92-B02A-4E55-AD3B-811261148B1E}
	EndGlobalSection
EndGlobal
